
Microsoft Visual Studio Solution File, Format Version 12.00
# Visual Studio 15
VisualStudioVersion = 15.0.28307.757
MinimumVisualStudioVersion = 10.0.40219.1
Project("{8BC9CEB8-8B4A-11D0-8D11-00A0C91BC942}") = "Base", "Base\Base.vcxproj", "{706A8C4E-1088-4F8B-BC9C-C3A3CABC2E64}"
EndProject
Project("{8BC9CEB8-8B4A-11D0-8D11-00A0C91BC942}") = "Network", "Network\Network.vcxproj", "{00D374D2-FF31-4627-BCCE-F597B4769959}"
	ProjectSection(ProjectDependencies) = postProject
		{706A8C4E-1088-4F8B-BC9C-C3A3CABC2E64} = {706A8C4E-1088-4F8B-BC9C-C3A3CABC2E64}
	EndProjectSection
EndProject
Project("{8BC9CEB8-8B4A-11D0-8D11-00A0C91BC942}") = "HTTP", "HTTP\HTTP.vcxproj", "{71F87FB4-D088-4CC9-AE2A-0A59571D0676}"
	ProjectSection(ProjectDependencies) = postProject
		{706A8C4E-1088-4F8B-BC9C-C3A3CABC2E64} = {706A8C4E-1088-4F8B-BC9C-C3A3CABC2E64}
		{00D374D2-FF31-4627-BCCE-F597B4769959} = {00D374D2-FF31-4627-BCCE-F597B4769959}
	EndProjectSection
EndProject
Project("{8BC9CEB8-8B4A-11D0-8D11-00A0C91BC942}") = "zip", "zip\zip.vcxproj", "{B856B40A-333A-4BC0-9A2B-434792511145}"
	ProjectSection(ProjectDependencies) = postProject
		{706A8C4E-1088-4F8B-BC9C-C3A3CABC2E64} = {706A8C4E-1088-4F8B-BC9C-C3A3CABC2E64}
	EndProjectSection
EndProject
Project("{8BC9CEB8-8B4A-11D0-8D11-00A0C91BC942}") = "JSON", "JSON\JSON.vcxproj", "{EB799E61-93E0-463E-8055-487689F1231A}"
EndProject
Project("{8BC9CEB8-8B4A-11D0-8D11-00A0C91BC942}") = "sqlite3", "sqlite3\sqlite3.vcxproj", "{90275FDF-3CE7-4ECB-A1B3-DC78F523911C}"
	ProjectSection(ProjectDependencies) = postProject
		{706A8C4E-1088-4F8B-BC9C-C3A3CABC2E64} = {706A8C4E-1088-4F8B-BC9C-C3A3CABC2E64}
	EndProjectSection
EndProject
Project("{8BC9CEB8-8B4A-11D0-8D11-00A0C91BC942}") = "Log", "Log\Log.vcxproj", "{D42109CC-EB33-4F9B-96F1-9123EE7553B0}"
	ProjectSection(ProjectDependencies) = postProject
		{706A8C4E-1088-4F8B-BC9C-C3A3CABC2E64} = {706A8C4E-1088-4F8B-BC9C-C3A3CABC2E64}
	EndProjectSection
EndProject
Project("{8BC9CEB8-8B4A-11D0-8D11-00A0C91BC942}") = "XML", "XML\XML.vcxproj", "{B46396E1-5F8D-4200-BF00-F13CF78017A7}"
	ProjectSection(ProjectDependencies) = postProject
		{706A8C4E-1088-4F8B-BC9C-C3A3CABC2E64} = {706A8C4E-1088-4F8B-BC9C-C3A3CABC2E64}
	EndProjectSection
EndProject
Project("{8BC9CEB8-8B4A-11D0-8D11-00A0C91BC942}") = "test", "test\test.vcxproj", "{C523B4EE-1F54-45A3-972C-D44F6B2CDA60}"
	ProjectSection(ProjectDependencies) = postProject
		{B856B40A-333A-4BC0-9A2B-434792511145} = {B856B40A-333A-4BC0-9A2B-434792511145}
		{706A8C4E-1088-4F8B-BC9C-C3A3CABC2E64} = {706A8C4E-1088-4F8B-BC9C-C3A3CABC2E64}
		{EB799E61-93E0-463E-8055-487689F1231A} = {EB799E61-93E0-463E-8055-487689F1231A}
		{71F87FB4-D088-4CC9-AE2A-0A59571D0676} = {71F87FB4-D088-4CC9-AE2A-0A59571D0676}
		{D42109CC-EB33-4F9B-96F1-9123EE7553B0} = {D42109CC-EB33-4F9B-96F1-9123EE7553B0}
		{00D374D2-FF31-4627-BCCE-F597B4769959} = {00D374D2-FF31-4627-BCCE-F597B4769959}
		{90275FDF-3CE7-4ECB-A1B3-DC78F523911C} = {90275FDF-3CE7-4ECB-A1B3-DC78F523911C}
		{B46396E1-5F8D-4200-BF00-F13CF78017A7} = {B46396E1-5F8D-4200-BF00-F13CF78017A7}
	EndProjectSection
EndProject
Project("{8BC9CEB8-8B4A-11D0-8D11-00A0C91BC942}") = "Redis", "Redis\Redis.vcxproj", "{57348768-CEE7-49FA-A879-531C336F5CFB}"
	ProjectSection(ProjectDependencies) = postProject
		{706A8C4E-1088-4F8B-BC9C-C3A3CABC2E64} = {706A8C4E-1088-4F8B-BC9C-C3A3CABC2E64}
		{00D374D2-FF31-4627-BCCE-F597B4769959} = {00D374D2-FF31-4627-BCCE-F597B4769959}
	EndProjectSection
EndProject
Project("{8BC9CEB8-8B4A-11D0-8D11-00A0C91BC942}") = "ftp", "ftp\ftp.vcxproj", "{4A86DD19-A73B-4934-BD1C-2ACFD127A4F7}"
	ProjectSection(ProjectDependencies) = postProject
		{706A8C4E-1088-4F8B-BC9C-C3A3CABC2E64} = {706A8C4E-1088-4F8B-BC9C-C3A3CABC2E64}
		{00D374D2-FF31-4627-BCCE-F597B4769959} = {00D374D2-FF31-4627-BCCE-F597B4769959}
	EndProjectSection
EndProject
Project("{8BC9CEB8-8B4A-11D0-8D11-00A0C91BC942}") = "Excel", "Excel\Excel.vcxproj", "{0DE75FED-7C09-480F-863E-20E900C8459A}"
	ProjectSection(ProjectDependencies) = postProject
		{706A8C4E-1088-4F8B-BC9C-C3A3CABC2E64} = {706A8C4E-1088-4F8B-BC9C-C3A3CABC2E64}
	EndProjectSection
EndProject
Project("{8BC9CEB8-8B4A-11D0-8D11-00A0C91BC942}") = "OnvifClient", "OnvifClient\OnvifClient.vcxproj", "{DE48B5E2-9FA7-42B3-9E32-4C22013654C6}"
	ProjectSection(ProjectDependencies) = postProject
		{706A8C4E-1088-4F8B-BC9C-C3A3CABC2E64} = {706A8C4E-1088-4F8B-BC9C-C3A3CABC2E64}
		{00D374D2-FF31-4627-BCCE-F597B4769959} = {00D374D2-FF31-4627-BCCE-F597B4769959}
	EndProjectSection
EndProject
Project("{8BC9CEB8-8B4A-11D0-8D11-00A0C91BC942}") = "MySql", "MySql\MySql.vcxproj", "{DDF80C6A-32EF-4B57-9A56-A73D6CFFF32E}"
	ProjectSection(ProjectDependencies) = postProject
		{706A8C4E-1088-4F8B-BC9C-C3A3CABC2E64} = {706A8C4E-1088-4F8B-BC9C-C3A3CABC2E64}
	EndProjectSection
EndProject
Project("{8BC9CEB8-8B4A-11D0-8D11-00A0C91BC942}") = "RTSP", "RTSP\RTSP.vcxproj", "{81032761-EE72-45BD-B4FF-07BFF8137A81}"
	ProjectSection(ProjectDependencies) = postProject
		{706A8C4E-1088-4F8B-BC9C-C3A3CABC2E64} = {706A8C4E-1088-4F8B-BC9C-C3A3CABC2E64}
		{00D374D2-FF31-4627-BCCE-F597B4769959} = {00D374D2-FF31-4627-BCCE-F597B4769959}
	EndProjectSection
EndProject
Project("{8BC9CEB8-8B4A-11D0-8D11-00A0C91BC942}") = "Medis", "Medis\Medis.vcxproj", "{1A207225-9188-4FCC-9198-E20188F87C4A}"
	ProjectSection(ProjectDependencies) = postProject
		{706A8C4E-1088-4F8B-BC9C-C3A3CABC2E64} = {706A8C4E-1088-4F8B-BC9C-C3A3CABC2E64}
		{00D374D2-FF31-4627-BCCE-F597B4769959} = {00D374D2-FF31-4627-BCCE-F597B4769959}
	EndProjectSection
EndProject
Global
	GlobalSection(SolutionConfigurationPlatforms) = preSolution
		Debug|Win32 = Debug|Win32
		Debug|x64 = Debug|x64
		Release|Win32 = Release|Win32
		Release|x64 = Release|x64
	EndGlobalSection
	GlobalSection(ProjectConfigurationPlatforms) = postSolution
		{706A8C4E-1088-4F8B-BC9C-C3A3CABC2E64}.Debug|Win32.ActiveCfg = Debug|Win32
		{706A8C4E-1088-4F8B-BC9C-C3A3CABC2E64}.Debug|Win32.Build.0 = Debug|Win32
		{706A8C4E-1088-4F8B-BC9C-C3A3CABC2E64}.Debug|x64.ActiveCfg = Debug|x64
		{706A8C4E-1088-4F8B-BC9C-C3A3CABC2E64}.Debug|x64.Build.0 = Debug|x64
		{706A8C4E-1088-4F8B-BC9C-C3A3CABC2E64}.Release|Win32.ActiveCfg = Release|Win32
		{706A8C4E-1088-4F8B-BC9C-C3A3CABC2E64}.Release|Win32.Build.0 = Release|Win32
		{706A8C4E-1088-4F8B-BC9C-C3A3CABC2E64}.Release|x64.ActiveCfg = Release|x64
		{706A8C4E-1088-4F8B-BC9C-C3A3CABC2E64}.Release|x64.Build.0 = Release|x64
		{00D374D2-FF31-4627-BCCE-F597B4769959}.Debug|Win32.ActiveCfg = Debug|Win32
		{00D374D2-FF31-4627-BCCE-F597B4769959}.Debug|Win32.Build.0 = Debug|Win32
		{00D374D2-FF31-4627-BCCE-F597B4769959}.Debug|x64.ActiveCfg = Debug|x64
		{00D374D2-FF31-4627-BCCE-F597B4769959}.Debug|x64.Build.0 = Debug|x64
		{00D374D2-FF31-4627-BCCE-F597B4769959}.Release|Win32.ActiveCfg = Release|Win32
		{00D374D2-FF31-4627-BCCE-F597B4769959}.Release|Win32.Build.0 = Release|Win32
		{00D374D2-FF31-4627-BCCE-F597B4769959}.Release|x64.ActiveCfg = Release|x64
		{71F87FB4-D088-4CC9-AE2A-0A59571D0676}.Debug|Win32.ActiveCfg = Debug|Win32
		{71F87FB4-D088-4CC9-AE2A-0A59571D0676}.Debug|Win32.Build.0 = Debug|Win32
		{71F87FB4-D088-4CC9-AE2A-0A59571D0676}.Debug|x64.ActiveCfg = Debug|x64
		{71F87FB4-D088-4CC9-AE2A-0A59571D0676}.Debug|x64.Build.0 = Debug|x64
		{71F87FB4-D088-4CC9-AE2A-0A59571D0676}.Release|Win32.ActiveCfg = Release|Win32
		{71F87FB4-D088-4CC9-AE2A-0A59571D0676}.Release|Win32.Build.0 = Release|Win32
		{71F87FB4-D088-4CC9-AE2A-0A59571D0676}.Release|x64.ActiveCfg = Release|x64
		{71F87FB4-D088-4CC9-AE2A-0A59571D0676}.Release|x64.Build.0 = Release|x64
		{B856B40A-333A-4BC0-9A2B-434792511145}.Debug|Win32.ActiveCfg = Debug|Win32
		{B856B40A-333A-4BC0-9A2B-434792511145}.Debug|Win32.Build.0 = Debug|Win32
		{B856B40A-333A-4BC0-9A2B-434792511145}.Debug|x64.ActiveCfg = Debug|Win32
		{B856B40A-333A-4BC0-9A2B-434792511145}.Release|Win32.ActiveCfg = Release|Win32
		{B856B40A-333A-4BC0-9A2B-434792511145}.Release|Win32.Build.0 = Release|Win32
		{B856B40A-333A-4BC0-9A2B-434792511145}.Release|x64.ActiveCfg = Release|Win32
		{EB799E61-93E0-463E-8055-487689F1231A}.Debug|Win32.ActiveCfg = Debug|Win32
		{EB799E61-93E0-463E-8055-487689F1231A}.Debug|Win32.Build.0 = Debug|Win32
		{EB799E61-93E0-463E-8055-487689F1231A}.Debug|x64.ActiveCfg = Debug|Win32
		{EB799E61-93E0-463E-8055-487689F1231A}.Release|Win32.ActiveCfg = Release|Win32
		{EB799E61-93E0-463E-8055-487689F1231A}.Release|Win32.Build.0 = Release|Win32
		{EB799E61-93E0-463E-8055-487689F1231A}.Release|x64.ActiveCfg = Release|Win32
		{90275FDF-3CE7-4ECB-A1B3-DC78F523911C}.Debug|Win32.ActiveCfg = Debug|Win32
		{90275FDF-3CE7-4ECB-A1B3-DC78F523911C}.Debug|Win32.Build.0 = Debug|Win32
		{90275FDF-3CE7-4ECB-A1B3-DC78F523911C}.Debug|x64.ActiveCfg = Debug|Win32
		{90275FDF-3CE7-4ECB-A1B3-DC78F523911C}.Release|Win32.ActiveCfg = Release|Win32
		{90275FDF-3CE7-4ECB-A1B3-DC78F523911C}.Release|Win32.Build.0 = Release|Win32
		{90275FDF-3CE7-4ECB-A1B3-DC78F523911C}.Release|x64.ActiveCfg = Release|Win32
		{D42109CC-EB33-4F9B-96F1-9123EE7553B0}.Debug|Win32.ActiveCfg = Debug|Win32
		{D42109CC-EB33-4F9B-96F1-9123EE7553B0}.Debug|Win32.Build.0 = Debug|Win32
		{D42109CC-EB33-4F9B-96F1-9123EE7553B0}.Debug|x64.ActiveCfg = Debug|Win32
		{D42109CC-EB33-4F9B-96F1-9123EE7553B0}.Release|Win32.ActiveCfg = Release|Win32
		{D42109CC-EB33-4F9B-96F1-9123EE7553B0}.Release|Win32.Build.0 = Release|Win32
		{D42109CC-EB33-4F9B-96F1-9123EE7553B0}.Release|x64.ActiveCfg = Release|Win32
		{B46396E1-5F8D-4200-BF00-F13CF78017A7}.Debug|Win32.ActiveCfg = Debug|Win32
		{B46396E1-5F8D-4200-BF00-F13CF78017A7}.Debug|Win32.Build.0 = Debug|Win32
		{B46396E1-5F8D-4200-BF00-F13CF78017A7}.Debug|x64.ActiveCfg = Debug|Win32
		{B46396E1-5F8D-4200-BF00-F13CF78017A7}.Release|Win32.ActiveCfg = Release|Win32
		{B46396E1-5F8D-4200-BF00-F13CF78017A7}.Release|Win32.Build.0 = Release|Win32
		{B46396E1-5F8D-4200-BF00-F13CF78017A7}.Release|x64.ActiveCfg = Release|Win32
		{C523B4EE-1F54-45A3-972C-D44F6B2CDA60}.Debug|Win32.ActiveCfg = Debug|Win32
		{C523B4EE-1F54-45A3-972C-D44F6B2CDA60}.Debug|Win32.Build.0 = Debug|Win32
		{C523B4EE-1F54-45A3-972C-D44F6B2CDA60}.Debug|x64.ActiveCfg = Debug|x64
		{C523B4EE-1F54-45A3-972C-D44F6B2CDA60}.Debug|x64.Build.0 = Debug|x64
		{C523B4EE-1F54-45A3-972C-D44F6B2CDA60}.Release|Win32.ActiveCfg = Release|Win32
		{C523B4EE-1F54-45A3-972C-D44F6B2CDA60}.Release|Win32.Build.0 = Release|Win32
		{C523B4EE-1F54-45A3-972C-D44F6B2CDA60}.Release|x64.ActiveCfg = Release|x64
		{C523B4EE-1F54-45A3-972C-D44F6B2CDA60}.Release|x64.Build.0 = Release|x64
		{57348768-CEE7-49FA-A879-531C336F5CFB}.Debug|Win32.ActiveCfg = Debug|Win32
		{57348768-CEE7-49FA-A879-531C336F5CFB}.Debug|Win32.Build.0 = Debug|Win32
		{57348768-CEE7-49FA-A879-531C336F5CFB}.Debug|x64.ActiveCfg = Debug|Win32
		{57348768-CEE7-49FA-A879-531C336F5CFB}.Release|Win32.ActiveCfg = Release|Win32
		{57348768-CEE7-49FA-A879-531C336F5CFB}.Release|Win32.Build.0 = Release|Win32
		{57348768-CEE7-49FA-A879-531C336F5CFB}.Release|x64.ActiveCfg = Release|Win32
		{4A86DD19-A73B-4934-BD1C-2ACFD127A4F7}.Debug|Win32.ActiveCfg = Debug|Win32
		{4A86DD19-A73B-4934-BD1C-2ACFD127A4F7}.Debug|Win32.Build.0 = Debug|Win32
		{4A86DD19-A73B-4934-BD1C-2ACFD127A4F7}.Debug|x64.ActiveCfg = Debug|x64
		{4A86DD19-A73B-4934-BD1C-2ACFD127A4F7}.Release|Win32.ActiveCfg = Release|Win32
		{4A86DD19-A73B-4934-BD1C-2ACFD127A4F7}.Release|Win32.Build.0 = Release|Win32
		{4A86DD19-A73B-4934-BD1C-2ACFD127A4F7}.Release|x64.ActiveCfg = Release|Win32
		{0DE75FED-7C09-480F-863E-20E900C8459A}.Debug|Win32.ActiveCfg = Debug|Win32
		{0DE75FED-7C09-480F-863E-20E900C8459A}.Debug|Win32.Build.0 = Debug|Win32
		{0DE75FED-7C09-480F-863E-20E900C8459A}.Debug|x64.ActiveCfg = Debug|x64
		{0DE75FED-7C09-480F-863E-20E900C8459A}.Release|Win32.ActiveCfg = Release|Win32
		{0DE75FED-7C09-480F-863E-20E900C8459A}.Release|Win32.Build.0 = Release|Win32
		{0DE75FED-7C09-480F-863E-20E900C8459A}.Release|x64.ActiveCfg = Release|Win32
		{DE48B5E2-9FA7-42B3-9E32-4C22013654C6}.Debug|Win32.ActiveCfg = Debug|Win32
		{DE48B5E2-9FA7-42B3-9E32-4C22013654C6}.Debug|Win32.Build.0 = Debug|Win32
		{DE48B5E2-9FA7-42B3-9E32-4C22013654C6}.Debug|x64.ActiveCfg = Debug|Win32
		{DE48B5E2-9FA7-42B3-9E32-4C22013654C6}.Release|Win32.ActiveCfg = Release|Win32
		{DE48B5E2-9FA7-42B3-9E32-4C22013654C6}.Release|Win32.Build.0 = Release|Win32
		{DE48B5E2-9FA7-42B3-9E32-4C22013654C6}.Release|x64.ActiveCfg = Release|Win32
		{DDF80C6A-32EF-4B57-9A56-A73D6CFFF32E}.Debug|Win32.ActiveCfg = Debug|Win32
		{DDF80C6A-32EF-4B57-9A56-A73D6CFFF32E}.Debug|Win32.Build.0 = Debug|Win32
		{DDF80C6A-32EF-4B57-9A56-A73D6CFFF32E}.Debug|x64.ActiveCfg = Debug|Win32
		{DDF80C6A-32EF-4B57-9A56-A73D6CFFF32E}.Release|Win32.ActiveCfg = Release|Win32
		{DDF80C6A-32EF-4B57-9A56-A73D6CFFF32E}.Release|Win32.Build.0 = Release|Win32
		{DDF80C6A-32EF-4B57-9A56-A73D6CFFF32E}.Release|x64.ActiveCfg = Release|Win32
		{81032761-EE72-45BD-B4FF-07BFF8137A81}.Debug|Win32.ActiveCfg = Debug|Win32
		{81032761-EE72-45BD-B4FF-07BFF8137A81}.Debug|Win32.Build.0 = Debug|Win32
		{81032761-EE72-45BD-B4FF-07BFF8137A81}.Debug|x64.ActiveCfg = Debug|x64
		{81032761-EE72-45BD-B4FF-07BFF8137A81}.Debug|x64.Build.0 = Debug|x64
		{81032761-EE72-45BD-B4FF-07BFF8137A81}.Release|Win32.ActiveCfg = Release|Win32
		{81032761-EE72-45BD-B4FF-07BFF8137A81}.Release|Win32.Build.0 = Release|Win32
		{81032761-EE72-45BD-B4FF-07BFF8137A81}.Release|x64.ActiveCfg = Release|x64
		{1A207225-9188-4FCC-9198-E20188F87C4A}.Debug|Win32.ActiveCfg = Debug|Win32
		{1A207225-9188-4FCC-9198-E20188F87C4A}.Debug|Win32.Build.0 = Debug|Win32
		{1A207225-9188-4FCC-9198-E20188F87C4A}.Debug|x64.ActiveCfg = Debug|x64
		{1A207225-9188-4FCC-9198-E20188F87C4A}.Debug|x64.Build.0 = Debug|x64
		{1A207225-9188-4FCC-9198-E20188F87C4A}.Release|Win32.ActiveCfg = Release|Win32
		{1A207225-9188-4FCC-9198-E20188F87C4A}.Release|Win32.Build.0 = Release|Win32
		{1A207225-9188-4FCC-9198-E20188F87C4A}.Release|x64.ActiveCfg = Release|x64
		{1A207225-9188-4FCC-9198-E20188F87C4A}.Release|x64.Build.0 = Release|x64
	EndGlobalSection
	GlobalSection(SolutionProperties) = preSolution
		HideSolutionNode = FALSE
	EndGlobalSection
	GlobalSection(ExtensibilityGlobals) = postSolution
		SolutionGuid = {9FC3E0A0-8819-4B1E-9A75-925B683F1D17}
	EndGlobalSection
	GlobalSection(Performance) = preSolution
		HasPerformanceSessions = true
	EndGlobalSection
EndGlobal
