
Microsoft Visual Studio Solution File, Format Version 12.00
# Visual Studio 15
VisualStudioVersion = 15.0.28307.1000
MinimumVisualStudioVersion = 10.0.40219.1
Project("{8BC9CEB8-8B4A-11D0-8D11-00A0C91BC942}") = "Base", "Base\Base.vcxproj", "{706A8C4E-1088-4F8B-BC9C-C3A3CABC2E64}"
EndProject
Project("{8BC9CEB8-8B4A-11D0-8D11-00A0C91BC942}") = "Network", "Network\Network.vcxproj", "{00D374D2-FF31-4627-BCCE-F597B4769959}"
	ProjectSection(ProjectDependencies) = postProject
		{706A8C4E-1088-4F8B-BC9C-C3A3CABC2E64} = {706A8C4E-1088-4F8B-BC9C-C3A3CABC2E64}
	EndProjectSection
EndProject
Project("{8BC9CEB8-8B4A-11D0-8D11-00A0C91BC942}") = "test", "test\test.vcxproj", "{C523B4EE-1F54-45A3-972C-D44F6B2CDA60}"
EndProject
Project("{8BC9CEB8-8B4A-11D0-8D11-00A0C91BC942}") = "OnvifClient", "OnvifClient\OnvifClient.vcxproj", "{DE48B5E2-9FA7-42B3-9E32-4C22013654C6}"
	ProjectSection(ProjectDependencies) = postProject
		{706A8C4E-1088-4F8B-BC9C-C3A3CABC2E64} = {706A8C4E-1088-4F8B-BC9C-C3A3CABC2E64}
		{00D374D2-FF31-4627-BCCE-F597B4769959} = {00D374D2-FF31-4627-BCCE-F597B4769959}
	EndProjectSection
EndProject
Project("{8BC9CEB8-8B4A-11D0-8D11-00A0C91BC942}") = "RTSP", "RTSP\RTSP.vcxproj", "{81032761-EE72-45BD-B4FF-07BFF8137A81}"
	ProjectSection(ProjectDependencies) = postProject
		{706A8C4E-1088-4F8B-BC9C-C3A3CABC2E64} = {706A8C4E-1088-4F8B-BC9C-C3A3CABC2E64}
		{00D374D2-FF31-4627-BCCE-F597B4769959} = {00D374D2-FF31-4627-BCCE-F597B4769959}
	EndProjectSection
EndProject
Project("{8BC9CEB8-8B4A-11D0-8D11-00A0C91BC942}") = "Medis", "Medis\Medis.vcxproj", "{1A207225-9188-4FCC-9198-E20188F87C4A}"
EndProject
Project("{8BC9CEB8-8B4A-11D0-8D11-00A0C91BC942}") = "Redis", "Redis\Redis.vcxproj", "{57348768-CEE7-49FA-A879-531C336F5CFB}"
EndProject
Global
	GlobalSection(SolutionConfigurationPlatforms) = preSolution
		Debug|Win32 = Debug|Win32
		Debug|x64 = Debug|x64
		Release|Win32 = Release|Win32
		Release|x64 = Release|x64
	EndGlobalSection
	GlobalSection(ProjectConfigurationPlatforms) = postSolution
		{706A8C4E-1088-4F8B-BC9C-C3A3CABC2E64}.Debug|Win32.ActiveCfg = Debug|Win32
		{706A8C4E-1088-4F8B-BC9C-C3A3CABC2E64}.Debug|Win32.Build.0 = Debug|Win32
		{706A8C4E-1088-4F8B-BC9C-C3A3CABC2E64}.Debug|x64.ActiveCfg = Debug|x64
		{706A8C4E-1088-4F8B-BC9C-C3A3CABC2E64}.Debug|x64.Build.0 = Debug|x64
		{706A8C4E-1088-4F8B-BC9C-C3A3CABC2E64}.Release|Win32.ActiveCfg = Release|Win32
		{706A8C4E-1088-4F8B-BC9C-C3A3CABC2E64}.Release|Win32.Build.0 = Release|Win32
		{706A8C4E-1088-4F8B-BC9C-C3A3CABC2E64}.Release|x64.ActiveCfg = Release|x64
		{706A8C4E-1088-4F8B-BC9C-C3A3CABC2E64}.Release|x64.Build.0 = Release|x64
		{00D374D2-FF31-4627-BCCE-F597B4769959}.Debug|Win32.ActiveCfg = Debug|Win32
		{00D374D2-FF31-4627-BCCE-F597B4769959}.Debug|Win32.Build.0 = Debug|Win32
		{00D374D2-FF31-4627-BCCE-F597B4769959}.Debug|x64.ActiveCfg = Debug|x64
		{00D374D2-FF31-4627-BCCE-F597B4769959}.Debug|x64.Build.0 = Debug|x64
		{00D374D2-FF31-4627-BCCE-F597B4769959}.Release|Win32.ActiveCfg = Release|Win32
		{00D374D2-FF31-4627-BCCE-F597B4769959}.Release|Win32.Build.0 = Release|Win32
		{00D374D2-FF31-4627-BCCE-F597B4769959}.Release|x64.ActiveCfg = Release|x64
		{00D374D2-FF31-4627-BCCE-F597B4769959}.Release|x64.Build.0 = Release|x64
		{C523B4EE-1F54-45A3-972C-D44F6B2CDA60}.Debug|Win32.ActiveCfg = Debug|Win32
		{C523B4EE-1F54-45A3-972C-D44F6B2CDA60}.Debug|Win32.Build.0 = Debug|Win32
		{C523B4EE-1F54-45A3-972C-D44F6B2CDA60}.Debug|x64.ActiveCfg = Debug|x64
		{C523B4EE-1F54-45A3-972C-D44F6B2CDA60}.Debug|x64.Build.0 = Debug|x64
		{C523B4EE-1F54-45A3-972C-D44F6B2CDA60}.Release|Win32.ActiveCfg = Release|Win32
		{C523B4EE-1F54-45A3-972C-D44F6B2CDA60}.Release|Win32.Build.0 = Release|Win32
		{C523B4EE-1F54-45A3-972C-D44F6B2CDA60}.Release|x64.ActiveCfg = Release|x64
		{C523B4EE-1F54-45A3-972C-D44F6B2CDA60}.Release|x64.Build.0 = Release|x64
		{DE48B5E2-9FA7-42B3-9E32-4C22013654C6}.Debug|Win32.ActiveCfg = Debug|Win32
		{DE48B5E2-9FA7-42B3-9E32-4C22013654C6}.Debug|Win32.Build.0 = Debug|Win32
		{DE48B5E2-9FA7-42B3-9E32-4C22013654C6}.Debug|x64.ActiveCfg = Debug|x64
		{DE48B5E2-9FA7-42B3-9E32-4C22013654C6}.Debug|x64.Build.0 = Debug|x64
		{DE48B5E2-9FA7-42B3-9E32-4C22013654C6}.Release|Win32.ActiveCfg = Release|Win32
		{DE48B5E2-9FA7-42B3-9E32-4C22013654C6}.Release|Win32.Build.0 = Release|Win32
		{DE48B5E2-9FA7-42B3-9E32-4C22013654C6}.Release|x64.ActiveCfg = Release|x64
		{DE48B5E2-9FA7-42B3-9E32-4C22013654C6}.Release|x64.Build.0 = Release|x64
		{81032761-EE72-45BD-B4FF-07BFF8137A81}.Debug|Win32.ActiveCfg = Debug|Win32
		{81032761-EE72-45BD-B4FF-07BFF8137A81}.Debug|Win32.Build.0 = Debug|Win32
		{81032761-EE72-45BD-B4FF-07BFF8137A81}.Debug|x64.ActiveCfg = Debug|x64
		{81032761-EE72-45BD-B4FF-07BFF8137A81}.Debug|x64.Build.0 = Debug|x64
		{81032761-EE72-45BD-B4FF-07BFF8137A81}.Release|Win32.ActiveCfg = Release|Win32
		{81032761-EE72-45BD-B4FF-07BFF8137A81}.Release|Win32.Build.0 = Release|Win32
		{81032761-EE72-45BD-B4FF-07BFF8137A81}.Release|x64.ActiveCfg = Release|x64
		{81032761-EE72-45BD-B4FF-07BFF8137A81}.Release|x64.Build.0 = Release|x64
		{1A207225-9188-4FCC-9198-E20188F87C4A}.Debug|Win32.ActiveCfg = Debug|Win32
		{1A207225-9188-4FCC-9198-E20188F87C4A}.Debug|Win32.Build.0 = Debug|Win32
		{1A207225-9188-4FCC-9198-E20188F87C4A}.Debug|x64.ActiveCfg = Debug|x64
		{1A207225-9188-4FCC-9198-E20188F87C4A}.Debug|x64.Build.0 = Debug|x64
		{1A207225-9188-4FCC-9198-E20188F87C4A}.Release|Win32.ActiveCfg = Release|Win32
		{1A207225-9188-4FCC-9198-E20188F87C4A}.Release|Win32.Build.0 = Release|Win32
		{1A207225-9188-4FCC-9198-E20188F87C4A}.Release|x64.ActiveCfg = Release|x64
		{1A207225-9188-4FCC-9198-E20188F87C4A}.Release|x64.Build.0 = Release|x64
		{57348768-CEE7-49FA-A879-531C336F5CFB}.Debug|Win32.ActiveCfg = Debug|Win32
		{57348768-CEE7-49FA-A879-531C336F5CFB}.Debug|Win32.Build.0 = Debug|Win32
		{57348768-CEE7-49FA-A879-531C336F5CFB}.Debug|x64.ActiveCfg = Debug|x64
		{57348768-CEE7-49FA-A879-531C336F5CFB}.Debug|x64.Build.0 = Debug|x64
		{57348768-CEE7-49FA-A879-531C336F5CFB}.Release|Win32.ActiveCfg = Release|Win32
		{57348768-CEE7-49FA-A879-531C336F5CFB}.Release|Win32.Build.0 = Release|Win32
		{57348768-CEE7-49FA-A879-531C336F5CFB}.Release|x64.ActiveCfg = Release|x64
		{57348768-CEE7-49FA-A879-531C336F5CFB}.Release|x64.Build.0 = Release|x64
	EndGlobalSection
	GlobalSection(SolutionProperties) = preSolution
		HideSolutionNode = FALSE
	EndGlobalSection
	GlobalSection(ExtensibilityGlobals) = postSolution
		SolutionGuid = {9FC3E0A0-8819-4B1E-9A75-925B683F1D17}
	EndGlobalSection
EndGlobal
