<?xml version="1.0" encoding="utf-8"?>
<Project ToolsVersion="4.0" xmlns="http://schemas.microsoft.com/developer/msbuild/2003">
  <ItemGroup>
    <ClInclude Include="..\Include\Network\Defs.h">
      <Filter>Include</Filter>
    </ClInclude>
    <ClInclude Include="..\Include\Network\NetAddr.h">
      <Filter>Include</Filter>
    </ClInclude>
    <ClInclude Include="..\Include\Network\Network.h">
      <Filter>Include</Filter>
    </ClInclude>
    <ClInclude Include="..\Include\Network\Socket.h">
      <Filter>Include</Filter>
    </ClInclude>
    <ClInclude Include="..\Include\Network\TcpClient.h">
      <Filter>Include</Filter>
    </ClInclude>
    <ClInclude Include="..\Include\Network\TcpServer.h">
      <Filter>Include</Filter>
    </ClInclude>
    <ClInclude Include="..\Include\Network\Udp.h">
      <Filter>Include</Filter>
    </ClInclude>
    <ClInclude Include="..\Include\Network\Strand.h">
      <Filter>Include</Filter>
    </ClInclude>
    <ClInclude Include="Src\IOWorker.h" />
    <ClInclude Include="Src\aio\common\_pool.h">
      <Filter>aio\common</Filter>
    </ClInclude>
    <ClInclude Include="Src\aio\common\_userthread.h">
      <Filter>aio\common</Filter>
    </ClInclude>
    <ClInclude Include="Src\aio\win32\_winevent.h">
      <Filter>aio\win32</Filter>
    </ClInclude>
    <ClInclude Include="Src\aio\win32\_winsocket.h">
      <Filter>aio\win32</Filter>
    </ClInclude>
    <ClInclude Include="Src\aio\ioserver.h">
      <Filter>aio</Filter>
    </ClInclude>
    <ClInclude Include="Src\aio\asocket.h">
      <Filter>aio</Filter>
    </ClInclude>
    <ClInclude Include="Src\aio\win32\_winiocp.h">
      <Filter>aio\win32</Filter>
    </ClInclude>
    <ClInclude Include="Src\aio\linux\_linuxepoll.h">
      <Filter>aio\linux</Filter>
    </ClInclude>
    <ClInclude Include="Src\aio\linux\_linuxevent.h">
      <Filter>aio\linux</Filter>
    </ClInclude>
    <ClInclude Include="Src\aio\linux\_linuxsocket.h">
      <Filter>aio\linux</Filter>
    </ClInclude>
    <ClInclude Include="Src\aio\common\_event.h">
      <Filter>aio\common</Filter>
    </ClInclude>
  </ItemGroup>
  <ItemGroup>
    <None Include="..\Include\Network\Version.tpl">
      <Filter>Include</Filter>
    </None>
  </ItemGroup>
  <ItemGroup>
    <Filter Include="Include">
      <UniqueIdentifier>{4d9c7b57-8aad-4cde-8a53-976461c77cb9}</UniqueIdentifier>
    </Filter>
    <Filter Include="资源文件">
      <UniqueIdentifier>{7f3d9aca-feec-438c-85c4-9666574c25f6}</UniqueIdentifier>
    </Filter>
    <Filter Include="aio">
      <UniqueIdentifier>{f34f0081-feeb-4734-a98f-d5526b384149}</UniqueIdentifier>
    </Filter>
    <Filter Include="aio\common">
      <UniqueIdentifier>{80dfcf53-7ab9-48b6-ae69-a6bcc35854b1}</UniqueIdentifier>
    </Filter>
    <Filter Include="aio\win32">
      <UniqueIdentifier>{72a53451-aabc-48c8-b839-d2e65f023e34}</UniqueIdentifier>
    </Filter>
    <Filter Include="aio\linux">
      <UniqueIdentifier>{4334623e-fdd2-48a5-bf22-3b1ce0453aca}</UniqueIdentifier>
    </Filter>
  </ItemGroup>
  <ItemGroup>
    <ResourceCompile Include="Version.rc">
      <Filter>资源文件</Filter>
    </ResourceCompile>
  </ItemGroup>
  <ItemGroup>
    <ClCompile Include="Src\NetAddr.cpp" />
    <ClCompile Include="Src\TcpServer.cpp" />
    <ClCompile Include="Src\TcpClient.cpp" />
    <ClCompile Include="Src\aio\asocket.cpp">
      <Filter>aio</Filter>
    </ClCompile>
    <ClCompile Include="Src\IOWorker.cpp" />
    <ClCompile Include="Src\Udp.cpp" />
    <ClCompile Include="Src\Strand.cpp" />
    <ClCompile Include="Src\Network.cpp" />
  </ItemGroup>
</Project>