<?xml version="1.0" encoding="utf-8"?>
<Project ToolsVersion="4.0" xmlns="http://schemas.microsoft.com/developer/msbuild/2003">
  <ItemGroup>
    <Filter Include="源文件">
      <UniqueIdentifier>{4FC737F1-C7A5-4376-A066-2A32D752A2FF}</UniqueIdentifier>
      <Extensions>cpp;c;cc;cxx;def;odl;idl;hpj;bat;asm;asmx</Extensions>
    </Filter>
    <Filter Include="头文件">
      <UniqueIdentifier>{93995380-89BD-4b04-88EB-625FBE52EBFB}</UniqueIdentifier>
      <Extensions>h;hpp;hxx;hm;inl;inc;xsd</Extensions>
    </Filter>
    <Filter Include="头文件\Base">
      <UniqueIdentifier>{0b4d97cc-d908-4dbb-9567-d820206a7f14}</UniqueIdentifier>
    </Filter>
    <Filter Include="资源文件">
      <UniqueIdentifier>{67DA6AB6-F800-4c08-8B7A-83BB121AAD01}</UniqueIdentifier>
      <Extensions>rc;ico;cur;bmp;dlg;rc2;rct;bin;rgs;gif;jpg;jpeg;jpe;resx;tiff;tif;png;wav</Extensions>
    </Filter>
    <Filter Include="源文件\Expression">
      <UniqueIdentifier>{d2b0bd64-fa10-4076-9e5f-9ad8ba0195a0}</UniqueIdentifier>
    </Filter>
  </ItemGroup>
  <ItemGroup>
    <ClInclude Include="Src\Thread.h">
      <Filter>源文件</Filter>
    </ClInclude>
    <ClInclude Include="Src\ThreadPoolInternal.h">
      <Filter>源文件</Filter>
    </ClInclude>
    <ClInclude Include="Src\TimerManager.h">
      <Filter>源文件</Filter>
    </ClInclude>
    <ClInclude Include="..\Include\Base\AtomicCount.h">
      <Filter>头文件\Base</Filter>
    </ClInclude>
    <ClInclude Include="..\Include\Base\Base.h">
      <Filter>头文件\Base</Filter>
    </ClInclude>
    <ClInclude Include="..\Include\Base\Base64.h">
      <Filter>头文件\Base</Filter>
    </ClInclude>
    <ClInclude Include="..\Include\Base\BaseTemplate.h">
      <Filter>头文件\Base</Filter>
    </ClInclude>
    <ClInclude Include="..\Include\Base\ByteOrder.h">
      <Filter>头文件\Base</Filter>
    </ClInclude>
    <ClInclude Include="..\Include\Base\CoreDump.h">
      <Filter>头文件\Base</Filter>
    </ClInclude>
    <ClInclude Include="..\Include\Base\Crc.h">
      <Filter>头文件\Base</Filter>
    </ClInclude>
    <ClInclude Include="..\Include\Base\Defs.h">
      <Filter>头文件\Base</Filter>
    </ClInclude>
    <ClInclude Include="..\Include\Base\DynamicLib.h">
      <Filter>头文件\Base</Filter>
    </ClInclude>
    <ClInclude Include="..\Include\Base\DynamicMemPool.h">
      <Filter>头文件\Base</Filter>
    </ClInclude>
    <ClInclude Include="..\Include\Base\Expression.h">
      <Filter>头文件\Base</Filter>
    </ClInclude>
    <ClInclude Include="..\Include\Base\File.h">
      <Filter>头文件\Base</Filter>
    </ClInclude>
    <ClInclude Include="..\Include\Base\Func.h">
      <Filter>头文件\Base</Filter>
    </ClInclude>
    <ClInclude Include="..\Include\Base\FuncTempl.h">
      <Filter>头文件\Base</Filter>
    </ClInclude>
    <ClInclude Include="..\Include\Base\Guard.h">
      <Filter>头文件\Base</Filter>
    </ClInclude>
    <ClInclude Include="..\Include\Base\Guid.h">
      <Filter>头文件\Base</Filter>
    </ClInclude>
    <ClInclude Include="..\Include\Base\Host.h">
      <Filter>头文件\Base</Filter>
    </ClInclude>
    <ClInclude Include="..\Include\Base\IntTypes.h">
      <Filter>头文件\Base</Filter>
    </ClInclude>
    <ClInclude Include="..\Include\Base\IPC.h">
      <Filter>头文件\Base</Filter>
    </ClInclude>
    <ClInclude Include="..\Include\Base\Math.h">
      <Filter>头文件\Base</Filter>
    </ClInclude>
    <ClInclude Include="..\Include\Base\Md5.h">
      <Filter>头文件\Base</Filter>
    </ClInclude>
    <ClInclude Include="..\Include\Base\Mutex.h">
      <Filter>头文件\Base</Filter>
    </ClInclude>
    <ClInclude Include="..\Include\Base\PrintLog.h">
      <Filter>头文件\Base</Filter>
    </ClInclude>
    <ClInclude Include="..\Include\Base\Process.h">
      <Filter>头文件\Base</Filter>
    </ClInclude>
    <ClInclude Include="..\Include\Base\ReadWriteMutex.h">
      <Filter>头文件\Base</Filter>
    </ClInclude>
    <ClInclude Include="..\Include\Base\RecursiveMutex.h">
      <Filter>头文件\Base</Filter>
    </ClInclude>
    <ClInclude Include="..\Include\Base\RecycleBin.h">
      <Filter>头文件\Base</Filter>
    </ClInclude>
    <ClInclude Include="..\Include\Base\Semaphore.h">
      <Filter>头文件\Base</Filter>
    </ClInclude>
    <ClInclude Include="..\Include\Base\Sha1.h">
      <Filter>头文件\Base</Filter>
    </ClInclude>
    <ClInclude Include="..\Include\Base\Shared_ptr.h">
      <Filter>头文件\Base</Filter>
    </ClInclude>
    <ClInclude Include="..\Include\Base\ShareMem.h">
      <Filter>头文件\Base</Filter>
    </ClInclude>
    <ClInclude Include="..\Include\Base\SimPipe.h">
      <Filter>头文件\Base</Filter>
    </ClInclude>
    <ClInclude Include="..\Include\Base\StaticMemPool.h">
      <Filter>头文件\Base</Filter>
    </ClInclude>
    <ClInclude Include="..\Include\Base\String.h">
      <Filter>头文件\Base</Filter>
    </ClInclude>
    <ClInclude Include="..\Include\Base\System.h">
      <Filter>头文件\Base</Filter>
    </ClInclude>
    <ClInclude Include="..\Include\Base\Thread.h">
      <Filter>头文件\Base</Filter>
    </ClInclude>
    <ClInclude Include="..\Include\Base\ThreadEx.h">
      <Filter>头文件\Base</Filter>
    </ClInclude>
    <ClInclude Include="..\Include\Base\ThreadPool.h">
      <Filter>头文件\Base</Filter>
    </ClInclude>
    <ClInclude Include="..\Include\Base\Time.h">
      <Filter>头文件\Base</Filter>
    </ClInclude>
    <ClInclude Include="..\Include\Base\Timer.h">
      <Filter>头文件\Base</Filter>
    </ClInclude>
    <ClInclude Include="..\Include\Base\Unicode.h">
      <Filter>头文件\Base</Filter>
    </ClInclude>
    <ClInclude Include="..\Include\Base\URLEncoding.h">
      <Filter>头文件\Base</Filter>
    </ClInclude>
    <ClInclude Include="..\Include\Base\Version.h">
      <Filter>头文件\Base</Filter>
    </ClInclude>
    <ClInclude Include="..\Include\Base\ConsoleCommand.h">
      <Filter>头文件\Base</Filter>
    </ClInclude>
    <ClInclude Include="..\Include\Base\FileFind.h">
      <Filter>头文件\Base</Filter>
    </ClInclude>
    <ClInclude Include="..\Include\Base\OperationResult.h">
      <Filter>头文件\Base</Filter>
    </ClInclude>
    <ClInclude Include="..\Include\Base\URL.h">
      <Filter>头文件\Base</Filter>
    </ClInclude>
    <ClInclude Include="..\Include\Base\Value.h">
      <Filter>头文件\Base</Filter>
    </ClInclude>
    <ClInclude Include="..\Include\Base\Directory.h">
      <Filter>头文件\Base</Filter>
    </ClInclude>
    <ClInclude Include="..\Include\Base\SqlDataBase.h">
      <Filter>头文件\Base</Filter>
    </ClInclude>
    <ClInclude Include="..\Include\Base\StringBuffer.h">
      <Filter>头文件\Base</Filter>
    </ClInclude>
    <ClInclude Include="..\Include\Base\CircleBuffer.h">
      <Filter>头文件\Base</Filter>
    </ClInclude>
  </ItemGroup>
  <ItemGroup>
    <ClCompile Include="Src\Base.cpp">
      <Filter>源文件</Filter>
    </ClCompile>
    <ClCompile Include="Src\Base64.cpp">
      <Filter>源文件</Filter>
    </ClCompile>
    <ClCompile Include="Src\Crc.cpp">
      <Filter>源文件</Filter>
    </ClCompile>
    <ClCompile Include="Src\File.cpp">
      <Filter>源文件</Filter>
    </ClCompile>
    <ClCompile Include="Src\Mutex.cpp">
      <Filter>源文件</Filter>
    </ClCompile>
    <ClCompile Include="Src\PrintLog.cpp">
      <Filter>源文件</Filter>
    </ClCompile>
    <ClCompile Include="Src\Process.cpp">
      <Filter>源文件</Filter>
    </ClCompile>
    <ClCompile Include="Src\ReadWriteMutex.cpp">
      <Filter>源文件</Filter>
    </ClCompile>
    <ClCompile Include="Src\RecursiveMutex.cpp">
      <Filter>源文件</Filter>
    </ClCompile>
    <ClCompile Include="Src\Semaphore.cpp">
      <Filter>源文件</Filter>
    </ClCompile>
    <ClCompile Include="Src\ShareMem.cpp">
      <Filter>源文件</Filter>
    </ClCompile>
    <ClCompile Include="Src\SimPipe.cpp">
      <Filter>源文件</Filter>
    </ClCompile>
    <ClCompile Include="Src\String.cpp">
      <Filter>源文件</Filter>
    </ClCompile>
    <ClCompile Include="Src\SystemCall.cpp">
      <Filter>源文件</Filter>
    </ClCompile>
    <ClCompile Include="Src\Thread.cpp">
      <Filter>源文件</Filter>
    </ClCompile>
    <ClCompile Include="Src\ThreadPool.cpp">
      <Filter>源文件</Filter>
    </ClCompile>
    <ClCompile Include="Src\Time.cpp">
      <Filter>源文件</Filter>
    </ClCompile>
    <ClCompile Include="Src\Timer.cpp">
      <Filter>源文件</Filter>
    </ClCompile>
    <ClCompile Include="Src\Version.cpp">
      <Filter>源文件</Filter>
    </ClCompile>
    <ClCompile Include="Src\URLEncoding.cpp">
      <Filter>源文件</Filter>
    </ClCompile>
    <ClCompile Include="Src\Sha1.cpp">
      <Filter>源文件</Filter>
    </ClCompile>
    <ClCompile Include="Src\DynamicLib.cpp">
      <Filter>源文件</Filter>
    </ClCompile>
    <ClCompile Include="Src\DynamicMemPool.cpp">
      <Filter>源文件</Filter>
    </ClCompile>
    <ClCompile Include="Src\StaticMemPool.cpp">
      <Filter>源文件</Filter>
    </ClCompile>
    <ClCompile Include="Src\RecycleBin.cpp">
      <Filter>源文件</Filter>
    </ClCompile>
    <ClCompile Include="Src\IPC.cpp">
      <Filter>源文件</Filter>
    </ClCompile>
    <ClCompile Include="Src\Expression.cpp">
      <Filter>源文件</Filter>
    </ClCompile>
    <ClCompile Include="Src\CoreDump.cpp">
      <Filter>源文件</Filter>
    </ClCompile>
    <ClCompile Include="Src\Md5.cpp">
      <Filter>源文件</Filter>
    </ClCompile>
    <ClCompile Include="Src\Expression\muParser.cpp">
      <Filter>源文件\Expression</Filter>
    </ClCompile>
    <ClCompile Include="Src\Expression\muParserBase.cpp">
      <Filter>源文件\Expression</Filter>
    </ClCompile>
    <ClCompile Include="Src\Expression\muParserBytecode.cpp">
      <Filter>源文件\Expression</Filter>
    </ClCompile>
    <ClCompile Include="Src\Expression\muParserCallback.cpp">
      <Filter>源文件\Expression</Filter>
    </ClCompile>
    <ClCompile Include="Src\Expression\muParserError.cpp">
      <Filter>源文件\Expression</Filter>
    </ClCompile>
    <ClCompile Include="Src\Expression\muParserInt.cpp">
      <Filter>源文件\Expression</Filter>
    </ClCompile>
    <ClCompile Include="Src\Expression\muParserTokenReader.cpp">
      <Filter>源文件\Expression</Filter>
    </ClCompile>
    <ClCompile Include="Src\Guid.cpp">
      <Filter>源文件</Filter>
    </ClCompile>
    <ClCompile Include="Src\Host.cpp">
      <Filter>源文件</Filter>
    </ClCompile>
    <ClCompile Include="Src\FileFind.cpp">
      <Filter>源文件</Filter>
    </ClCompile>
    <ClCompile Include="Src\ConsoleCommand.cpp">
      <Filter>源文件</Filter>
    </ClCompile>
    <ClCompile Include="Src\OperationResult.cpp">
      <Filter>源文件</Filter>
    </ClCompile>
    <ClCompile Include="Src\URL.cpp">
      <Filter>源文件</Filter>
    </ClCompile>
    <ClCompile Include="Src\Value.cpp">
      <Filter>源文件</Filter>
    </ClCompile>
    <ClCompile Include="Src\Directory.cpp">
      <Filter>源文件</Filter>
    </ClCompile>
    <ClCompile Include="Src\SqlDataBase.cpp">
      <Filter>源文件</Filter>
    </ClCompile>
    <ClCompile Include="Src\StringEx.cpp">
      <Filter>源文件</Filter>
    </ClCompile>
    <ClCompile Include="Src\CircleBuffer.cpp">
      <Filter>源文件</Filter>
    </ClCompile>
  </ItemGroup>
  <ItemGroup>
    <ResourceCompile Include="Version.rc">
      <Filter>资源文件</Filter>
    </ResourceCompile>
  </ItemGroup>
  <ItemGroup>
    <None Include="..\Include\Base\Version.tpl">
      <Filter>头文件\Base</Filter>
    </None>
  </ItemGroup>
</Project>